
Microsoft Visual Studio Solution File, Format Version 12.00
# Visual Studio Version 17
VisualStudioVersion = 17.7.34003.232
MinimumVisualStudioVersion = 10.0.40219.1
Project("{888888A0-9F3D-457C-B088-3A5042F75D52}") = "RL_forTrading", "RL_forTrading.pyproj", "{5F0DDEB8-22E9-42A7-8BDD-E4EB24B08545}"
EndProject
Global
	GlobalSection(SolutionConfigurationPlatforms) = preSolution
		Debug|Any CPU = Debug|Any CPU
		Release|Any CPU = Release|Any CPU
	EndGlobalSection
	GlobalSection(ProjectConfigurationPlatforms) = postSolution
		{5F0DDEB8-22E9-42A7-8BDD-E4EB24B08545}.Debug|Any CPU.ActiveCfg = Debug|Any CPU
		{5F0DDEB8-22E9-42A7-8BDD-E4EB24B08545}.Release|Any CPU.ActiveCfg = Release|Any CPU
	EndGlobalSection
	GlobalSection(SolutionProperties) = preSolution
		HideSolutionNode = FALSE
	EndGlobalSection
	GlobalSection(ExtensibilityGlobals) = postSolution
		SolutionGuid = {F097A9BE-00CC-400D-B8AA-9D6B8A011FE2}
	EndGlobalSection
EndGlobal
